version = 1
revision = 3
requires-python = ">=3.14"

[[package]]
name = "rumdl"
version = "0.1.36"
source = { registry = "https://pypi.org/simple" }
sdist = { url = "https://files.pythonhosted.org/packages/7c/ae/b769cc180b28fc877dd190bd5af2774fc8884765a4b2dcf181353c3f1883/rumdl-0.1.36.tar.gz", hash = "sha256:b0718c0e5b4ca7f88b5259f62835d653ad2373897bc5a73de2d94f732adaae2f", size = 2229750, upload-time = "2026-03-02T21:55:59.856Z" }
wheels = [
    { url = "https://files.pythonhosted.org/packages/35/8d/54acc996a4da4cb6a9685f0bdc4382d67e089c71365f55456f0bd4fee84e/rumdl-0.1.36-py3-none-macosx_10_12_x86_64.whl", hash = "sha256:3321164969311f19cf50d0f4bda8155a8071ebc0149a9d14e743da72819969fa", size = 5305511, upload-time = "2026-03-02T21:55:53.802Z" },
    { url = "https://files.pythonhosted.org/packages/33/d0/749b255bdf56883c3f49b5b2591f71a9a76eafc5db782321862cba84fbee/rumdl-0.1.36-py3-none-macosx_11_0_arm64.whl", hash = "sha256:804f52dcfa074df048d345b33e9f2f4d7c874f12704c15aa081fa74ec5f703df", size = 4939443, upload-time = "2026-03-02T21:55:48.827Z" },
    { url = "https://files.pythonhosted.org/packages/5b/d7/c234792a5a6bc730f8583c75262171118558f1fdbb5b7d05b0704744b23e/rumdl-0.1.36-py3-none-manylinux_2_28_aarch64.whl", hash = "sha256:f820da997fcd0e7b7438c5f6caa0d755268add607f12d966631770b2945531cb", size = 5156307, upload-time = "2026-03-02T21:55:50.789Z" },
    { url = "https://files.pythonhosted.org/packages/5b/bf/1f3dc27f01caed79438defe68223239408f186beb195065b1bf252168153/rumdl-0.1.36-py3-none-manylinux_2_28_x86_64.whl", hash = "sha256:0f5f4b6e85e2bd95e49e8df220c41e4b7d5a587ab803b81595461b4d80a505f9", size = 5526995, upload-time = "2026-03-02T21:55:56.595Z" },
    { url = "https://files.pythonhosted.org/packages/57/90/bdcc9b8cbc94d3871302e8c13607ffc2448605743351373c6af3bd22dce2/rumdl-0.1.36-py3-none-musllinux_1_2_aarch64.whl", hash = "sha256:e28546c184b721f53670f11a398312ece526e6e1c50a2277aa73ec241ee48619", size = 5139283, upload-time = "2026-03-02T21:55:52.483Z" },
    { url = "https://files.pythonhosted.org/packages/10/9e/388e00a43bf17615b809bd77813c4c829064a7d2a576673682508b0f410f/rumdl-0.1.36-py3-none-musllinux_1_2_x86_64.whl", hash = "sha256:3431a824186594ebf308ee17053efa249e845e3ec67a6867fdffa837ba5f20db", size = 5515873, upload-time = "2026-03-02T21:55:58.295Z" },
    { url = "https://files.pythonhosted.org/packages/d5/59/99f6175cd41b85480c07dd4f3738181d1fcaf9f27ed67665f55f34297be3/rumdl-0.1.36-py3-none-win_amd64.whl", hash = "sha256:dbcdf35df826bfc87e487c89bf92fb798b0e96424e2e9b4ab68f9d21d423aaf7", size = 5612310, upload-time = "2026-03-02T21:55:55.237Z" },
]

[[package]]
name = "sorairolake-github-io"
version = "1.0.0"
source = { virtual = "." }

[package.dev-dependencies]
dev = [
    { name = "rumdl" },
]

[package.metadata]

[package.metadata.requires-dev]
dev = [{ name = "rumdl", specifier = ">=0.1.29" }]
