version = 1
revision = 3
requires-python = ">=3.14"

[[package]]
name = "rumdl"
version = "0.2.60"
source = { registry = "https://pypi.org/simple" }
sdist = { url = "https://files.pythonhosted.org/packages/ae/e4/7d17a97cadda43b8e54efcfbde75e8bc358afed4d0d829fb304c66c0d986/rumdl-0.2.60.tar.gz", hash = "sha256:76b4a75169af1143fca6e235b37ab33d4835570d6e9725669383ec77f326c82d", size = 3374947, upload-time = "2026-08-22T10:40:45.435Z" }
wheels = [
    { url = "https://files.pythonhosted.org/packages/09/30/33912533ca5cdac8faf98e923527a70f4eeeb79f8878c049bada096aa9d5/rumdl-0.2.60-py3-none-macosx_10_12_x86_64.whl", hash = "sha256:2946bd5f6e7d3f3a5d05ceb423ee0578113e8a2b292e50cea87c75480f1f195e", size = 6469433, upload-time = "2026-08-22T10:40:38.48Z" },
    { url = "https://files.pythonhosted.org/packages/df/b1/94f8429a84b468570df5ff4d0a99c44a47fb2ca80a9138f4e417f72ad978/rumdl-0.2.60-py3-none-macosx_11_0_arm64.whl", hash = "sha256:878458f6b39a30beb014b595191de6bc54026070924ad90f81f3466b94e36415", size = 6111604, upload-time = "2026-08-22T10:40:32.98Z" },
    { url = "https://files.pythonhosted.org/packages/14/6a/94d9fc65869f4fb5eec07426452a9252ced8fecbe21879af3626d77ab0e6/rumdl-0.2.60-py3-none-manylinux_2_28_aarch64.whl", hash = "sha256:c8882956d198f765dda0ef4e9965366f7bef5eadfd8c466036046e93e54b8a81", size = 6233560, upload-time = "2026-08-22T10:40:35.003Z" },
    { url = "https://files.pythonhosted.org/packages/20/d9/d556041f8ea32f2db2aa1e5a6d8d591009e0a64d32dc7110705f2c94e6de/rumdl-0.2.60-py3-none-manylinux_2_28_x86_64.whl", hash = "sha256:1e0c2be099742c8a37d8494eb8095e085f228c104143591ae0b5acf0b63c9353", size = 6657559, upload-time = "2026-08-22T10:40:41.831Z" },
    { url = "https://files.pythonhosted.org/packages/28/29/216a060d3d2089c5eee732615af69a0975579dd811502403a5b0193e0bbd/rumdl-0.2.60-py3-none-musllinux_1_2_aarch64.whl", hash = "sha256:b7b349fb0e3bce826797c875eccf73ad5431cff308da762adef22fc84b9c1f51", size = 6226121, upload-time = "2026-08-22T10:40:36.67Z" },
    { url = "https://files.pythonhosted.org/packages/47/c3/211a68824979b8c22ea706fc10609d4b8d50efda3cb484ea26c2134cc1d2/rumdl-0.2.60-py3-none-musllinux_1_2_x86_64.whl", hash = "sha256:32514e9c9fb7f9bff7327e7d4f7644f4d3cc5a0d98583171731db49275dca4dc", size = 6635011, upload-time = "2026-08-22T10:40:43.664Z" },
    { url = "https://files.pythonhosted.org/packages/dc/e7/2d6b6515c86df0da142f98846d79549ec3c269bbee586affe9f6c036be13/rumdl-0.2.60-py3-none-win_amd64.whl", hash = "sha256:20ce0c5b33e739f7dcd2797eca5a85e1300df4040a486b05214139ebf2b19fb2", size = 6596699, upload-time = "2026-08-22T10:40:40.195Z" },
]

[[package]]
name = "sorairolake-github-io"
version = "1.0.0"
source = { virtual = "." }

[package.dev-dependencies]
dev = [
    { name = "rumdl" },
]

[package.metadata]

[package.metadata.requires-dev]
dev = [{ name = "rumdl", specifier = ">=0.2.60" }]
